
Microsoft Visual Studio Solution File, Format Version 12.00
# Visual Studio Version 17
VisualStudioVersion = 17.14.36603.0 d17.14
MinimumVisualStudioVersion = 10.0.40219.1
Project("{FAE04EC0-301F-11D3-BF4B-00C04F79EFBC}") = "WorkFlow.API", "WorkFlow.API\WorkFlow.API.csproj", "{7CE6150C-616D-45A7-9197-2BEDCB5E5608}"
EndProject
Project("{FAE04EC0-301F-11D3-BF4B-00C04F79EFBC}") = "WorkFlow.Application", "WorkFlow.Application\WorkFlow.Application.csproj", "{6D04D714-F36C-4F19-B098-99046649393B}"
EndProject
Project("{FAE04EC0-301F-11D3-BF4B-00C04F79EFBC}") = "WorkFlow.Domain", "WorkFlow.Domain\WorkFlow.Domain.csproj", "{DA189CD0-5002-44D6-A489-4ABCD596FA2F}"
EndProject
Project("{FAE04EC0-301F-11D3-BF4B-00C04F79EFBC}") = "WorkFlow.Infrastructure", "WorkFlow.Infrastructure\WorkFlow.Infrastructure.csproj", "{141E7125-0568-4A8E-84F2-0F0AEB3A5BF2}"
EndProject
Global
	GlobalSection(SolutionConfigurationPlatforms) = preSolution
		Debug|Any CPU = Debug|Any CPU
		Release|Any CPU = Release|Any CPU
	EndGlobalSection
	GlobalSection(ProjectConfigurationPlatforms) = postSolution
		{7CE6150C-616D-45A7-9197-2BEDCB5E5608}.Debug|Any CPU.ActiveCfg = Debug|Any CPU
		{7CE6150C-616D-45A7-9197-2BEDCB5E5608}.Debug|Any CPU.Build.0 = Debug|Any CPU
		{7CE6150C-616D-45A7-9197-2BEDCB5E5608}.Release|Any CPU.ActiveCfg = Release|Any CPU
		{7CE6150C-616D-45A7-9197-2BEDCB5E5608}.Release|Any CPU.Build.0 = Release|Any CPU
		{6D04D714-F36C-4F19-B098-99046649393B}.Debug|Any CPU.ActiveCfg = Debug|Any CPU
		{6D04D714-F36C-4F19-B098-99046649393B}.Debug|Any CPU.Build.0 = Debug|Any CPU
		{6D04D714-F36C-4F19-B098-99046649393B}.Release|Any CPU.ActiveCfg = Release|Any CPU
		{6D04D714-F36C-4F19-B098-99046649393B}.Release|Any CPU.Build.0 = Release|Any CPU
		{DA189CD0-5002-44D6-A489-4ABCD596FA2F}.Debug|Any CPU.ActiveCfg = Debug|Any CPU
		{DA189CD0-5002-44D6-A489-4ABCD596FA2F}.Debug|Any CPU.Build.0 = Debug|Any CPU
		{DA189CD0-5002-44D6-A489-4ABCD596FA2F}.Release|Any CPU.ActiveCfg = Release|Any CPU
		{DA189CD0-5002-44D6-A489-4ABCD596FA2F}.Release|Any CPU.Build.0 = Release|Any CPU
		{141E7125-0568-4A8E-84F2-0F0AEB3A5BF2}.Debug|Any CPU.ActiveCfg = Debug|Any CPU
		{141E7125-0568-4A8E-84F2-0F0AEB3A5BF2}.Debug|Any CPU.Build.0 = Debug|Any CPU
		{141E7125-0568-4A8E-84F2-0F0AEB3A5BF2}.Release|Any CPU.ActiveCfg = Release|Any CPU
		{141E7125-0568-4A8E-84F2-0F0AEB3A5BF2}.Release|Any CPU.Build.0 = Release|Any CPU
	EndGlobalSection
	GlobalSection(SolutionProperties) = preSolution
		HideSolutionNode = FALSE
	EndGlobalSection
	GlobalSection(ExtensibilityGlobals) = postSolution
		SolutionGuid = {FAEFA5CF-2474-4BA5-B613-4BE900507950}
	EndGlobalSection
EndGlobal
